
Microsoft Visual Studio Solution File, Format Version 12.00
# Visual Studio Version 17
VisualStudioVersion = 17.4.33205.214
MinimumVisualStudioVersion = 10.0.40219.1
Project("{9A19103F-16F7-4668-BE54-9A1E7A4F7556}") = "api-client-abstractions", "api-client-abstractions\api-client-abstractions.csproj", "{49B6A308-8DBD-4D29-A676-6118AFCD0F25}"
EndProject
Project("{9A19103F-16F7-4668-BE54-9A1E7A4F7556}") = "api-client", "api-client\api-client.csproj", "{BF4AA591-C396-4F64-8473-FE97E950B0F2}"
EndProject
Project("{FAE04EC0-301F-11D3-BF4B-00C04F79EFBC}") = "api-client-web-extensions", "api-client-web-extensions\api-client-web-extensions.csproj", "{0124AF93-B281-4A21-AC21-52B1895C1BA3}"
EndProject
Project("{FAE04EC0-301F-11D3-BF4B-00C04F79EFBC}") = "api-client.Tests", "api-client.Tests\api-client.Tests.csproj", "{80384D89-FB89-4247-AE35-C7A400F92C6F}"
EndProject
Project("{FAE04EC0-301F-11D3-BF4B-00C04F79EFBC}") = "api-client-abstractions.Tests", "api-client-abstractions.Tests\api-client-abstractions.Tests.csproj", "{68AC74EB-BCE7-4DF9-BD6A-922B0A1F7F56}"
EndProject
Project("{FAE04EC0-301F-11D3-BF4B-00C04F79EFBC}") = "api-client-web-extensions.Tests", "api-client-web-extensions.Tests\api-client-web-extensions.Tests.csproj", "{DC5ED831-381D-4979-9E50-7BB9C1E80E58}"
EndProject
Global
	GlobalSection(SolutionConfigurationPlatforms) = preSolution
		Debug|Any CPU = Debug|Any CPU
		Debug|x64 = Debug|x64
		Debug|x86 = Debug|x86
		Release|Any CPU = Release|Any CPU
		Release|x64 = Release|x64
		Release|x86 = Release|x86
	EndGlobalSection
	GlobalSection(ProjectConfigurationPlatforms) = postSolution
		{49B6A308-8DBD-4D29-A676-6118AFCD0F25}.Debug|Any CPU.ActiveCfg = Debug|Any CPU
		{49B6A308-8DBD-4D29-A676-6118AFCD0F25}.Debug|Any CPU.Build.0 = Debug|Any CPU
		{49B6A308-8DBD-4D29-A676-6118AFCD0F25}.Debug|x64.ActiveCfg = Debug|Any CPU
		{49B6A308-8DBD-4D29-A676-6118AFCD0F25}.Debug|x64.Build.0 = Debug|Any CPU
		{49B6A308-8DBD-4D29-A676-6118AFCD0F25}.Debug|x86.ActiveCfg = Debug|Any CPU
		{49B6A308-8DBD-4D29-A676-6118AFCD0F25}.Debug|x86.Build.0 = Debug|Any CPU
		{49B6A308-8DBD-4D29-A676-6118AFCD0F25}.Release|Any CPU.ActiveCfg = Release|Any CPU
		{49B6A308-8DBD-4D29-A676-6118AFCD0F25}.Release|Any CPU.Build.0 = Release|Any CPU
		{49B6A308-8DBD-4D29-A676-6118AFCD0F25}.Release|x64.ActiveCfg = Release|Any CPU
		{49B6A308-8DBD-4D29-A676-6118AFCD0F25}.Release|x64.Build.0 = Release|Any CPU
		{49B6A308-8DBD-4D29-A676-6118AFCD0F25}.Release|x86.ActiveCfg = Release|Any CPU
		{49B6A308-8DBD-4D29-A676-6118AFCD0F25}.Release|x86.Build.0 = Release|Any CPU
		{BF4AA591-C396-4F64-8473-FE97E950B0F2}.Debug|Any CPU.ActiveCfg = Debug|Any CPU
		{BF4AA591-C396-4F64-8473-FE97E950B0F2}.Debug|Any CPU.Build.0 = Debug|Any CPU
		{BF4AA591-C396-4F64-8473-FE97E950B0F2}.Debug|x64.ActiveCfg = Debug|Any CPU
		{BF4AA591-C396-4F64-8473-FE97E950B0F2}.Debug|x64.Build.0 = Debug|Any CPU
		{BF4AA591-C396-4F64-8473-FE97E950B0F2}.Debug|x86.ActiveCfg = Debug|Any CPU
		{BF4AA591-C396-4F64-8473-FE97E950B0F2}.Debug|x86.Build.0 = Debug|Any CPU
		{BF4AA591-C396-4F64-8473-FE97E950B0F2}.Release|Any CPU.ActiveCfg = Release|Any CPU
		{BF4AA591-C396-4F64-8473-FE97E950B0F2}.Release|Any CPU.Build.0 = Release|Any CPU
		{BF4AA591-C396-4F64-8473-FE97E950B0F2}.Release|x64.ActiveCfg = Release|Any CPU
		{BF4AA591-C396-4F64-8473-FE97E950B0F2}.Release|x64.Build.0 = Release|Any CPU
		{BF4AA591-C396-4F64-8473-FE97E950B0F2}.Release|x86.ActiveCfg = Release|Any CPU
		{BF4AA591-C396-4F64-8473-FE97E950B0F2}.Release|x86.Build.0 = Release|Any CPU
		{0124AF93-B281-4A21-AC21-52B1895C1BA3}.Debug|Any CPU.ActiveCfg = Debug|Any CPU
		{0124AF93-B281-4A21-AC21-52B1895C1BA3}.Debug|Any CPU.Build.0 = Debug|Any CPU
		{0124AF93-B281-4A21-AC21-52B1895C1BA3}.Debug|x64.ActiveCfg = Debug|Any CPU
		{0124AF93-B281-4A21-AC21-52B1895C1BA3}.Debug|x64.Build.0 = Debug|Any CPU
		{0124AF93-B281-4A21-AC21-52B1895C1BA3}.Debug|x86.ActiveCfg = Debug|Any CPU
		{0124AF93-B281-4A21-AC21-52B1895C1BA3}.Debug|x86.Build.0 = Debug|Any CPU
		{0124AF93-B281-4A21-AC21-52B1895C1BA3}.Release|Any CPU.ActiveCfg = Release|Any CPU
		{0124AF93-B281-4A21-AC21-52B1895C1BA3}.Release|Any CPU.Build.0 = Release|Any CPU
		{0124AF93-B281-4A21-AC21-52B1895C1BA3}.Release|x64.ActiveCfg = Release|Any CPU
		{0124AF93-B281-4A21-AC21-52B1895C1BA3}.Release|x64.Build.0 = Release|Any CPU
		{0124AF93-B281-4A21-AC21-52B1895C1BA3}.Release|x86.ActiveCfg = Release|Any CPU
		{0124AF93-B281-4A21-AC21-52B1895C1BA3}.Release|x86.Build.0 = Release|Any CPU
		{80384D89-FB89-4247-AE35-C7A400F92C6F}.Debug|Any CPU.ActiveCfg = Debug|Any CPU
		{80384D89-FB89-4247-AE35-C7A400F92C6F}.Debug|Any CPU.Build.0 = Debug|Any CPU
		{80384D89-FB89-4247-AE35-C7A400F92C6F}.Debug|x64.ActiveCfg = Debug|Any CPU
		{80384D89-FB89-4247-AE35-C7A400F92C6F}.Debug|x64.Build.0 = Debug|Any CPU
		{80384D89-FB89-4247-AE35-C7A400F92C6F}.Debug|x86.ActiveCfg = Debug|Any CPU
		{80384D89-FB89-4247-AE35-C7A400F92C6F}.Debug|x86.Build.0 = Debug|Any CPU
		{80384D89-FB89-4247-AE35-C7A400F92C6F}.Release|Any CPU.ActiveCfg = Release|Any CPU
		{80384D89-FB89-4247-AE35-C7A400F92C6F}.Release|Any CPU.Build.0 = Release|Any CPU
		{80384D89-FB89-4247-AE35-C7A400F92C6F}.Release|x64.ActiveCfg = Release|Any CPU
		{80384D89-FB89-4247-AE35-C7A400F92C6F}.Release|x64.Build.0 = Release|Any CPU
		{80384D89-FB89-4247-AE35-C7A400F92C6F}.Release|x86.ActiveCfg = Release|Any CPU
		{80384D89-FB89-4247-AE35-C7A400F92C6F}.Release|x86.Build.0 = Release|Any CPU
		{68AC74EB-BCE7-4DF9-BD6A-922B0A1F7F56}.Debug|Any CPU.ActiveCfg = Debug|Any CPU
		{68AC74EB-BCE7-4DF9-BD6A-922B0A1F7F56}.Debug|Any CPU.Build.0 = Debug|Any CPU
		{68AC74EB-BCE7-4DF9-BD6A-922B0A1F7F56}.Debug|x64.ActiveCfg = Debug|Any CPU
		{68AC74EB-BCE7-4DF9-BD6A-922B0A1F7F56}.Debug|x64.Build.0 = Debug|Any CPU
		{68AC74EB-BCE7-4DF9-BD6A-922B0A1F7F56}.Debug|x86.ActiveCfg = Debug|Any CPU
		{68AC74EB-BCE7-4DF9-BD6A-922B0A1F7F56}.Debug|x86.Build.0 = Debug|Any CPU
		{68AC74EB-BCE7-4DF9-BD6A-922B0A1F7F56}.Release|Any CPU.ActiveCfg = Release|Any CPU
		{68AC74EB-BCE7-4DF9-BD6A-922B0A1F7F56}.Release|Any CPU.Build.0 = Release|Any CPU
		{68AC74EB-BCE7-4DF9-BD6A-922B0A1F7F56}.Release|x64.ActiveCfg = Release|Any CPU
		{68AC74EB-BCE7-4DF9-BD6A-922B0A1F7F56}.Release|x64.Build.0 = Release|Any CPU
		{68AC74EB-BCE7-4DF9-BD6A-922B0A1F7F56}.Release|x86.ActiveCfg = Release|Any CPU
		{68AC74EB-BCE7-4DF9-BD6A-922B0A1F7F56}.Release|x86.Build.0 = Release|Any CPU
		{DC5ED831-381D-4979-9E50-7BB9C1E80E58}.Debug|Any CPU.ActiveCfg = Debug|Any CPU
		{DC5ED831-381D-4979-9E50-7BB9C1E80E58}.Debug|Any CPU.Build.0 = Debug|Any CPU
		{DC5ED831-381D-4979-9E50-7BB9C1E80E58}.Debug|x64.ActiveCfg = Debug|Any CPU
		{DC5ED831-381D-4979-9E50-7BB9C1E80E58}.Debug|x64.Build.0 = Debug|Any CPU
		{DC5ED831-381D-4979-9E50-7BB9C1E80E58}.Debug|x86.ActiveCfg = Debug|Any CPU
		{DC5ED831-381D-4979-9E50-7BB9C1E80E58}.Debug|x86.Build.0 = Debug|Any CPU
		{DC5ED831-381D-4979-9E50-7BB9C1E80E58}.Release|Any CPU.ActiveCfg = Release|Any CPU
		{DC5ED831-381D-4979-9E50-7BB9C1E80E58}.Release|Any CPU.Build.0 = Release|Any CPU
		{DC5ED831-381D-4979-9E50-7BB9C1E80E58}.Release|x64.ActiveCfg = Release|Any CPU
		{DC5ED831-381D-4979-9E50-7BB9C1E80E58}.Release|x64.Build.0 = Release|Any CPU
		{DC5ED831-381D-4979-9E50-7BB9C1E80E58}.Release|x86.ActiveCfg = Release|Any CPU
		{DC5ED831-381D-4979-9E50-7BB9C1E80E58}.Release|x86.Build.0 = Release|Any CPU
	EndGlobalSection
	GlobalSection(SolutionProperties) = preSolution
		HideSolutionNode = FALSE
	EndGlobalSection
	GlobalSection(ExtensibilityGlobals) = postSolution
		SolutionGuid = {1E1FE656-90D6-41DC-83A2-DD1C8997A6C0}
	EndGlobalSection
EndGlobal
