<Solution>
  <Configurations>
    <Configuration Name="Debug" />
    <Configuration Name="Release" />
  </Configurations>
  <Platforms>
    <Platform Name="Any CPU" />
    <Platform Name="x64" />
    <Platform Name="x86" />
  </Platforms>
  <Project Path="MX.Api.Abstractions.Tests/MX.Api.Abstractions.Tests.csproj" />
  <Project Path="MX.Api.Abstractions/MX.Api.Abstractions.csproj" />
  <Project Path="MX.Api.Client.Tests/MX.Api.Client.Tests.csproj" />
  <Project Path="MX.Api.Client/MX.Api.Client.csproj" />
  <Project Path="MX.Api.IntegrationTests/MX.Api.IntegrationTests.csproj" />
  <Project Path="MX.Api.Web.Extensions.Tests/MX.Api.Web.Extensions.Tests.csproj" />
  <Project Path="MX.Api.Web.Extensions/MX.Api.Web.Extensions.csproj" />
</Solution>
